
Microsoft Visual Studio Solution File, Format Version 12.00
# Visual Studio Version 16
VisualStudioVersion = 16.0.29424.173
MinimumVisualStudioVersion = 10.0.40219.1
Project("{FAE04EC0-301F-11D3-BF4B-00C04F79EFBC}") = "P03_SalesDatabase", "P03_SalesDatabase\P03_SalesDatabase.csproj", "{DD66EF0D-5D85-4F58-9CB5-C6EE31A5929C}"
EndProject
Global
	GlobalSection(SolutionConfigurationPlatforms) = preSolution
		Debug|Any CPU = Debug|Any CPU
		Release|Any CPU = Release|Any CPU
	EndGlobalSection
	GlobalSection(ProjectConfigurationPlatforms) = postSolution
		{DD66EF0D-5D85-4F58-9CB5-C6EE31A5929C}.Debug|Any CPU.ActiveCfg = Debug|Any CPU
		{DD66EF0D-5D85-4F58-9CB5-C6EE31A5929C}.Debug|Any CPU.Build.0 = Debug|Any CPU
		{DD66EF0D-5D85-4F58-9CB5-C6EE31A5929C}.Release|Any CPU.ActiveCfg = Release|Any CPU
		{DD66EF0D-5D85-4F58-9CB5-C6EE31A5929C}.Release|Any CPU.Build.0 = Release|Any CPU
	EndGlobalSection
	GlobalSection(SolutionProperties) = preSolution
		HideSolutionNode = FALSE
	EndGlobalSection
	GlobalSection(ExtensibilityGlobals) = postSolution
		SolutionGuid = {D323634D-C4E5-4D14-AE23-65E9B94F98D4}
	EndGlobalSection
EndGlobal
